Microsoft Visual Studio Solution File, Format Version 12.00
# Visual Studio Version 17
VisualStudioVersion = 17.5.2.0
MinimumVisualStudioVersion = 10.0.40219.1
Project("{FAE04EC0-301F-11D3-BF4B-00C04F79EFBC}") = "gyak", "gyak.csproj", "{5529A813-3AF1-1413-B318-B7F61E25B8E0}"
EndProject
Global
	GlobalSection(SolutionConfigurationPlatforms) = preSolution
		Debug|Any CPU = Debug|Any CPU
		Release|Any CPU = Release|Any CPU
	EndGlobalSection
	GlobalSection(ProjectConfigurationPlatforms) = postSolution
		{5529A813-3AF1-1413-B318-B7F61E25B8E0}.Debug|Any CPU.ActiveCfg = Debug|Any CPU
		{5529A813-3AF1-1413-B318-B7F61E25B8E0}.Debug|Any CPU.Build.0 = Debug|Any CPU
		{5529A813-3AF1-1413-B318-B7F61E25B8E0}.Release|Any CPU.ActiveCfg = Release|Any CPU
		{5529A813-3AF1-1413-B318-B7F61E25B8E0}.Release|Any CPU.Build.0 = Release|Any CPU
	EndGlobalSection
	GlobalSection(SolutionProperties) = preSolution
		HideSolutionNode = FALSE
	EndGlobalSection
	GlobalSection(ExtensibilityGlobals) = postSolution
		SolutionGuid = {0CBA867C-67E1-48A7-ABBA-F5A393F19546}
	EndGlobalSection
EndGlobal
